
Microsoft Visual Studio Solution File, Format Version 12.00
# Visual Studio 15
VisualStudioVersion = 15.0.27004.2009
MinimumVisualStudioVersion = 10.0.40219.1
Project("{FAE04EC0-301F-11D3-BF4B-00C04F79EFBC}") = "CalculTVA", "CalculTVA\CalculTVA.csproj", "{BFD01EFE-83F7-4A85-A5DB-C04BA905ADA3}"
EndProject
Global
	GlobalSection(SolutionConfigurationPlatforms) = preSolution
		Debug|Any CPU = Debug|Any CPU
		Release|Any CPU = Release|Any CPU
	EndGlobalSection
	GlobalSection(ProjectConfigurationPlatforms) = postSolution
		{BFD01EFE-83F7-4A85-A5DB-C04BA905ADA3}.Debug|Any CPU.ActiveCfg = Debug|Any CPU
		{BFD01EFE-83F7-4A85-A5DB-C04BA905ADA3}.Debug|Any CPU.Build.0 = Debug|Any CPU
		{BFD01EFE-83F7-4A85-A5DB-C04BA905ADA3}.Release|Any CPU.ActiveCfg = Release|Any CPU
		{BFD01EFE-83F7-4A85-A5DB-C04BA905ADA3}.Release|Any CPU.Build.0 = Release|Any CPU
	EndGlobalSection
	GlobalSection(SolutionProperties) = preSolution
		HideSolutionNode = FALSE
	EndGlobalSection
	GlobalSection(ExtensibilityGlobals) = postSolution
		SolutionGuid = {1CB9B5E7-9F9C-4B26-BE65-1FA4798FFCCA}
	EndGlobalSection
EndGlobal
